
Microsoft Visual Studio Solution File, Format Version 12.00
# Visual Studio Version 16
VisualStudioVersion = 16.0.31729.503
MinimumVisualStudioVersion = 10.0.40219.1
Project("{FAE04EC0-301F-11D3-BF4B-00C04F79EFBC}") = "Winform_PMA", "Final_CNPM\Winform_PMA.csproj", "{53B66985-E991-42AA-868C-2224F96CFC21}"
EndProject
Global
	GlobalSection(SolutionConfigurationPlatforms) = preSolution
		Debug|Any CPU = Debug|Any CPU
		Release|Any CPU = Release|Any CPU
	EndGlobalSection
	GlobalSection(ProjectConfigurationPlatforms) = postSolution
		{53B66985-E991-42AA-868C-2224F96CFC21}.Debug|Any CPU.ActiveCfg = Debug|Any CPU
		{53B66985-E991-42AA-868C-2224F96CFC21}.Debug|Any CPU.Build.0 = Debug|Any CPU
		{53B66985-E991-42AA-868C-2224F96CFC21}.Release|Any CPU.ActiveCfg = Release|Any CPU
		{53B66985-E991-42AA-868C-2224F96CFC21}.Release|Any CPU.Build.0 = Release|Any CPU
	EndGlobalSection
	GlobalSection(SolutionProperties) = preSolution
		HideSolutionNode = FALSE
	EndGlobalSection
	GlobalSection(ExtensibilityGlobals) = postSolution
		SolutionGuid = {90BFBAB3-4AD6-431E-9115-9AFD26E922ED}
	EndGlobalSection
EndGlobal
